
Microsoft Visual Studio Solution File, Format Version 12.00
# Visual Studio Version 17
VisualStudioVersion = 17.13.35931.197
MinimumVisualStudioVersion = 10.0.40219.1
Project("{FAE04EC0-301F-11D3-BF4B-00C04F79EFBC}") = "MyApp.API", "MyApp.API\MyApp.API.csproj", "{ED91BA20-0AA9-4C6A-8392-855C242B9BB4}"
EndProject
Project("{FAE04EC0-301F-11D3-BF4B-00C04F79EFBC}") = "MyApp.Application", "MyApp.Application\MyApp.Application.csproj", "{1583AFD5-8692-4261-97CC-868828766FF4}"
EndProject
Project("{FAE04EC0-301F-11D3-BF4B-00C04F79EFBC}") = "MyApp.Infrastructure", "MyApp.Infrastructure\MyApp.Infrastructure.csproj", "{B64C9648-69BB-4EF6-935D-06BC07F93058}"
EndProject
Project("{FAE04EC0-301F-11D3-BF4B-00C04F79EFBC}") = "MyApp.Domain", "MyApp.Domain\MyApp.Domain.csproj", "{D33CBFF7-7420-406F-9E99-589EED496C66}"
EndProject
Project("{FAE04EC0-301F-11D3-BF4B-00C04F79EFBC}") = "MyApp.API.Tests", "MyApp.API.Tests\MyApp.API.Tests.csproj", "{C6A48997-4C4A-4F8F-8935-1D48709C13DF}"
EndProject
Global
	GlobalSection(SolutionConfigurationPlatforms) = preSolution
		Debug|Any CPU = Debug|Any CPU
		Debug|x64 = Debug|x64
		Debug|x86 = Debug|x86
		Release|Any CPU = Release|Any CPU
		Release|x64 = Release|x64
		Release|x86 = Release|x86
	EndGlobalSection
	GlobalSection(ProjectConfigurationPlatforms) = postSolution
		{ED91BA20-0AA9-4C6A-8392-855C242B9BB4}.Debug|Any CPU.ActiveCfg = Debug|Any CPU
		{ED91BA20-0AA9-4C6A-8392-855C242B9BB4}.Debug|Any CPU.Build.0 = Debug|Any CPU
		{ED91BA20-0AA9-4C6A-8392-855C242B9BB4}.Debug|x64.ActiveCfg = Debug|Any CPU
		{ED91BA20-0AA9-4C6A-8392-855C242B9BB4}.Debug|x64.Build.0 = Debug|Any CPU
		{ED91BA20-0AA9-4C6A-8392-855C242B9BB4}.Debug|x86.ActiveCfg = Debug|Any CPU
		{ED91BA20-0AA9-4C6A-8392-855C242B9BB4}.Debug|x86.Build.0 = Debug|Any CPU
		{ED91BA20-0AA9-4C6A-8392-855C242B9BB4}.Release|Any CPU.ActiveCfg = Release|Any CPU
		{ED91BA20-0AA9-4C6A-8392-855C242B9BB4}.Release|Any CPU.Build.0 = Release|Any CPU
		{ED91BA20-0AA9-4C6A-8392-855C242B9BB4}.Release|x64.ActiveCfg = Release|Any CPU
		{ED91BA20-0AA9-4C6A-8392-855C242B9BB4}.Release|x64.Build.0 = Release|Any CPU
		{ED91BA20-0AA9-4C6A-8392-855C242B9BB4}.Release|x86.ActiveCfg = Release|Any CPU
		{ED91BA20-0AA9-4C6A-8392-855C242B9BB4}.Release|x86.Build.0 = Release|Any CPU
		{1583AFD5-8692-4261-97CC-868828766FF4}.Debug|Any CPU.ActiveCfg = Debug|Any CPU
		{1583AFD5-8692-4261-97CC-868828766FF4}.Debug|Any CPU.Build.0 = Debug|Any CPU
		{1583AFD5-8692-4261-97CC-868828766FF4}.Debug|x64.ActiveCfg = Debug|Any CPU
		{1583AFD5-8692-4261-97CC-868828766FF4}.Debug|x64.Build.0 = Debug|Any CPU
		{1583AFD5-8692-4261-97CC-868828766FF4}.Debug|x86.ActiveCfg = Debug|Any CPU
		{1583AFD5-8692-4261-97CC-868828766FF4}.Debug|x86.Build.0 = Debug|Any CPU
		{1583AFD5-8692-4261-97CC-868828766FF4}.Release|Any CPU.ActiveCfg = Release|Any CPU
		{1583AFD5-8692-4261-97CC-868828766FF4}.Release|Any CPU.Build.0 = Release|Any CPU
		{1583AFD5-8692-4261-97CC-868828766FF4}.Release|x64.ActiveCfg = Release|Any CPU
		{1583AFD5-8692-4261-97CC-868828766FF4}.Release|x64.Build.0 = Release|Any CPU
		{1583AFD5-8692-4261-97CC-868828766FF4}.Release|x86.ActiveCfg = Release|Any CPU
		{1583AFD5-8692-4261-97CC-868828766FF4}.Release|x86.Build.0 = Release|Any CPU
		{B64C9648-69BB-4EF6-935D-06BC07F93058}.Debug|Any CPU.ActiveCfg = Debug|Any CPU
		{B64C9648-69BB-4EF6-935D-06BC07F93058}.Debug|Any CPU.Build.0 = Debug|Any CPU
		{B64C9648-69BB-4EF6-935D-06BC07F93058}.Debug|x64.ActiveCfg = Debug|Any CPU
		{B64C9648-69BB-4EF6-935D-06BC07F93058}.Debug|x64.Build.0 = Debug|Any CPU
		{B64C9648-69BB-4EF6-935D-06BC07F93058}.Debug|x86.ActiveCfg = Debug|Any CPU
		{B64C9648-69BB-4EF6-935D-06BC07F93058}.Debug|x86.Build.0 = Debug|Any CPU
		{B64C9648-69BB-4EF6-935D-06BC07F93058}.Release|Any CPU.ActiveCfg = Release|Any CPU
		{B64C9648-69BB-4EF6-935D-06BC07F93058}.Release|Any CPU.Build.0 = Release|Any CPU
		{B64C9648-69BB-4EF6-935D-06BC07F93058}.Release|x64.ActiveCfg = Release|Any CPU
		{B64C9648-69BB-4EF6-935D-06BC07F93058}.Release|x64.Build.0 = Release|Any CPU
		{B64C9648-69BB-4EF6-935D-06BC07F93058}.Release|x86.ActiveCfg = Release|Any CPU
		{B64C9648-69BB-4EF6-935D-06BC07F93058}.Release|x86.Build.0 = Release|Any CPU
		{D33CBFF7-7420-406F-9E99-589EED496C66}.Debug|Any CPU.ActiveCfg = Debug|Any CPU
		{D33CBFF7-7420-406F-9E99-589EED496C66}.Debug|Any CPU.Build.0 = Debug|Any CPU
		{D33CBFF7-7420-406F-9E99-589EED496C66}.Debug|x64.ActiveCfg = Debug|Any CPU
		{D33CBFF7-7420-406F-9E99-589EED496C66}.Debug|x64.Build.0 = Debug|Any CPU
		{D33CBFF7-7420-406F-9E99-589EED496C66}.Debug|x86.ActiveCfg = Debug|Any CPU
		{D33CBFF7-7420-406F-9E99-589EED496C66}.Debug|x86.Build.0 = Debug|Any CPU
		{D33CBFF7-7420-406F-9E99-589EED496C66}.Release|Any CPU.ActiveCfg = Release|Any CPU
		{D33CBFF7-7420-406F-9E99-589EED496C66}.Release|Any CPU.Build.0 = Release|Any CPU
		{D33CBFF7-7420-406F-9E99-589EED496C66}.Release|x64.ActiveCfg = Release|Any CPU
		{D33CBFF7-7420-406F-9E99-589EED496C66}.Release|x64.Build.0 = Release|Any CPU
		{D33CBFF7-7420-406F-9E99-589EED496C66}.Release|x86.ActiveCfg = Release|Any CPU
		{D33CBFF7-7420-406F-9E99-589EED496C66}.Release|x86.Build.0 = Release|Any CPU
		{C6A48997-4C4A-4F8F-8935-1D48709C13DF}.Debug|Any CPU.ActiveCfg = Debug|Any CPU
		{C6A48997-4C4A-4F8F-8935-1D48709C13DF}.Debug|Any CPU.Build.0 = Debug|Any CPU
		{C6A48997-4C4A-4F8F-8935-1D48709C13DF}.Debug|x64.ActiveCfg = Debug|Any CPU
		{C6A48997-4C4A-4F8F-8935-1D48709C13DF}.Debug|x64.Build.0 = Debug|Any CPU
		{C6A48997-4C4A-4F8F-8935-1D48709C13DF}.Debug|x86.ActiveCfg = Debug|Any CPU
		{C6A48997-4C4A-4F8F-8935-1D48709C13DF}.Debug|x86.Build.0 = Debug|Any CPU
		{C6A48997-4C4A-4F8F-8935-1D48709C13DF}.Release|Any CPU.ActiveCfg = Release|Any CPU
		{C6A48997-4C4A-4F8F-8935-1D48709C13DF}.Release|Any CPU.Build.0 = Release|Any CPU
		{C6A48997-4C4A-4F8F-8935-1D48709C13DF}.Release|x64.ActiveCfg = Release|Any CPU
		{C6A48997-4C4A-4F8F-8935-1D48709C13DF}.Release|x64.Build.0 = Release|Any CPU
		{C6A48997-4C4A-4F8F-8935-1D48709C13DF}.Release|x86.ActiveCfg = Release|Any CPU
		{C6A48997-4C4A-4F8F-8935-1D48709C13DF}.Release|x86.Build.0 = Release|Any CPU
	EndGlobalSection
	GlobalSection(SolutionProperties) = preSolution
		HideSolutionNode = FALSE
	EndGlobalSection
	GlobalSection(ExtensibilityGlobals) = postSolution
		SolutionGuid = {1D8F67E6-2620-4065-AA04-64FBBCA22955}
	EndGlobalSection
EndGlobal
